
Microsoft Visual Studio Solution File, Format Version 12.00
Project("{FAE04EC0-301F-11D3-BF4B-00C04F79EFBC}") = "UIFramework", "UIFramework.csproj", "{EDB56249-0561-4BBB-8E3D-2C75AC4FAB0A}"
EndProject
Global
	GlobalSection(SolutionConfigurationPlatforms) = preSolution
		Debug|Any CPU = Debug|Any CPU
		Release|Any CPU = Release|Any CPU
	EndGlobalSection
	GlobalSection(ProjectConfigurationPlatforms) = postSolution
		{EDB56249-0561-4BBB-8E3D-2C75AC4FAB0A}.Debug|Any CPU.ActiveCfg = Debug|Any CPU
		{EDB56249-0561-4BBB-8E3D-2C75AC4FAB0A}.Debug|Any CPU.Build.0 = Debug|Any CPU
		{EDB56249-0561-4BBB-8E3D-2C75AC4FAB0A}.Release|Any CPU.ActiveCfg = Release|Any CPU
		{EDB56249-0561-4BBB-8E3D-2C75AC4FAB0A}.Release|Any CPU.Build.0 = Release|Any CPU
	EndGlobalSection
EndGlobal
